
Microsoft Visual Studio Solution File, Format Version 12.00
# Visual Studio Version 16
VisualStudioVersion = 16.0.31019.35
MinimumVisualStudioVersion = 10.0.40219.1
Project("{FAE04EC0-301F-11D3-BF4B-00C04F79EFBC}") = "cv04-bpc-oop", "cv04-bpc-oop.csproj", "{B197DDE9-2586-4B3D-BB42-64FD3F2DF6FB}"
EndProject
Global
	GlobalSection(SolutionConfigurationPlatforms) = preSolution
		Debug|Any CPU = Debug|Any CPU
		Release|Any CPU = Release|Any CPU
	EndGlobalSection
	GlobalSection(ProjectConfigurationPlatforms) = postSolution
		{B197DDE9-2586-4B3D-BB42-64FD3F2DF6FB}.Debug|Any CPU.ActiveCfg = Debug|Any CPU
		{B197DDE9-2586-4B3D-BB42-64FD3F2DF6FB}.Debug|Any CPU.Build.0 = Debug|Any CPU
		{B197DDE9-2586-4B3D-BB42-64FD3F2DF6FB}.Release|Any CPU.ActiveCfg = Release|Any CPU
		{B197DDE9-2586-4B3D-BB42-64FD3F2DF6FB}.Release|Any CPU.Build.0 = Release|Any CPU
	EndGlobalSection
	GlobalSection(SolutionProperties) = preSolution
		HideSolutionNode = FALSE
	EndGlobalSection
	GlobalSection(ExtensibilityGlobals) = postSolution
		SolutionGuid = {245E17F1-9ABF-4D8A-912E-52A3E915C139}
	EndGlobalSection
EndGlobal
